// !$*UTF8*$!
{
	archiveVersion = 1;
	classes = {
	};
	objectVersion = 51;
	objects = {

/* Begin PBXBuildFile section */
		884541C624120BFE00C47821 /* AuthenticationService.swift in Sources */ = {isa = PBXBuildFile; fileRef = 884541C524120BFE00C47821 /* AuthenticationService.swift */; };
		884541C82412107B00C47821 /* MainTabBarController.swift in Sources */ = {isa = PBXBuildFile; fileRef = 884541C72412107B00C47821 /* MainTabBarController.swift */; };
		884541CE24121B2700C47821 /* FeedViewCell.swift in Sources */ = {isa = PBXBuildFile; fileRef = 884541CD24121B2700C47821 /* FeedViewCell.swift */; };
		884541D024121CBF00C47821 /* Photo.swift in Sources */ = {isa = PBXBuildFile; fileRef = 884541CF24121CBF00C47821 /* Photo.swift */; };
		884541D224121E4000C47821 /* DataBaseService.swift in Sources */ = {isa = PBXBuildFile; fileRef = 884541D124121E4000C47821 /* DataBaseService.swift */; };
		884541D42412219A00C47821 /* StorageService.swift in Sources */ = {isa = PBXBuildFile; fileRef = 884541D32412219A00C47821 /* StorageService.swift */; };
		884541D6241476F000C47821 /* PhotoCollectionViewCell.swift in Sources */ = {isa = PBXBuildFile; fileRef = 884541D5241476F000C47821 /* PhotoCollectionViewCell.swift */; };
		884541D824147D3100C47821 /* CreatePostViewController.swift in Sources */ = {isa = PBXBuildFile; fileRef = 884541D724147D3100C47821 /* CreatePostViewController.swift */; };
		884541DA24147D3F00C47821 /* CreatePostView.swift in Sources */ = {isa = PBXBuildFile; fileRef = 884541D924147D3F00C47821 /* CreatePostView.swift */; };
		884541DC2414BAD700C47821 /* DetailsViewController.swift in Sources */ = {isa = PBXBuildFile; fileRef = 884541DB2414BAD700C47821 /* DetailsViewController.swift */; };
		884541DE2414BAE800C47821 /* DetailsView.swift in Sources */ = {isa = PBXBuildFile; fileRef = 884541DD2414BAE800C47821 /* DetailsView.swift */; };
		8847F06524119B8F00A23983 /* AppDelegate.swift in Sources */ = {isa = PBXBuildFile; fileRef = 8847F06424119B8F00A23983 /* AppDelegate.swift */; };
		8847F06724119B8F00A23983 /* SceneDelegate.swift in Sources */ = {isa = PBXBuildFile; fileRef = 8847F06624119B8F00A23983 /* SceneDelegate.swift */; };
		8847F06E24119B9100A23983 /* Assets.xcassets in Resources */ = {isa = PBXBuildFile; fileRef = 8847F06D24119B9100A23983 /* Assets.xcassets */; };
		8847F07124119B9100A23983 /* LaunchScreen.storyboard in Resources */ = {isa = PBXBuildFile; fileRef = 8847F06F24119B9100A23983 /* LaunchScreen.storyboard */; };
		8847F07924119DFD00A23983 /* FeedViewController.swift in Sources */ = {isa = PBXBuildFile; fileRef = 8847F07824119DFD00A23983 /* FeedViewController.swift */; };
		8847F07B24119E0E00A23983 /* PhotoCollectionViewController.swift in Sources */ = {isa = PBXBuildFile; fileRef = 8847F07A24119E0E00A23983 /* PhotoCollectionViewController.swift */; };
		8847F07D24119E1700A23983 /* ProfileViewController.swift in Sources */ = {isa = PBXBuildFile; fileRef = 8847F07C24119E1700A23983 /* ProfileViewController.swift */; };
		8847F07F2411A1AD00A23983 /* LoginViewController.swift in Sources */ = {isa = PBXBuildFile; fileRef = 8847F07E2411A1AD00A23983 /* LoginViewController.swift */; };
		8847F0832411A1E800A23983 /* LoginView.swift in Sources */ = {isa = PBXBuildFile; fileRef = 8847F0822411A1E800A23983 /* LoginView.swift */; };
		8847F0852411A20F00A23983 /* FeedView.swift in Sources */ = {isa = PBXBuildFile; fileRef = 8847F0842411A20F00A23983 /* FeedView.swift */; };
		8847F0872411A22F00A23983 /* PhotoCollectionView.swift in Sources */ = {isa = PBXBuildFile; fileRef = 8847F0862411A22F00A23983 /* PhotoCollectionView.swift */; };
		8847F0892411A24000A23983 /* ProfileView.swift in Sources */ = {isa = PBXBuildFile; fileRef = 8847F0882411A24000A23983 /* ProfileView.swift */; };
		8847F08B2411A4D800A23983 /* Extensions.swift in Sources */ = {isa = PBXBuildFile; fileRef = 8847F08A2411A4D800A23983 /* Extensions.swift */; };
		8847F08D241202E200A23983 /* GoogleService-Info.plist in Resources */ = {isa = PBXBuildFile; fileRef = 8847F08C241202E200A23983 /* GoogleService-Info.plist */; };
		BCCADE6BA21FC9A76D8CB677 /* Pods_instagramProject.framework in Frameworks */ = {isa = PBXBuildFile; fileRef = 709680873E32BFA55C183AC2 /* Pods_instagramProject.framework */; };
/* End PBXBuildFile section */

/* Begin PBXFileReference section */
		377251806476742C11DC186B /* Pods-instagramProject.debug.xcconfig */ = {isa = PBXFileReference; includeInIndex = 1; lastKnownFileType = text.xcconfig; name = "Pods-instagramProject.debug.xcconfig"; path = "Target Support Files/Pods-instagramProject/Pods-instagramProject.debug.xcconfig"; sourceTree = "<group>"; };
		709680873E32BFA55C183AC2 /* Pods_instagramProject.framework */ = {isa = PBXFileReference; explicitFileType = wrapper.framework; includeInIndex = 0; path = Pods_instagramProject.framework; sourceTree = BUILT_PRODUCTS_DIR; };
		884541C524120BFE00C47821 /* AuthenticationService.swift */ = {isa = PBXFileReference; lastKnownFileType = sourcecode.swift; path = AuthenticationService.swift; sourceTree = "<group>"; };
		884541C72412107B00C47821 /* MainTabBarController.swift */ = {isa = PBXFileReference; lastKnownFileType = sourcecode.swift; path = MainTabBarController.swift; sourceTree = "<group>"; };
		884541CD24121B2700C47821 /* FeedViewCell.swift */ = {isa = PBXFileReference; lastKnownFileType = sourcecode.swift; path = FeedViewCell.swift; sourceTree = "<group>"; };
		884541CF24121CBF00C47821 /* Photo.swift */ = {isa = PBXFileReference; lastKnownFileType = sourcecode.swift; path = Photo.swift; sourceTree = "<group>"; };
		884541D124121E4000C47821 /* DataBaseService.swift */ = {isa = PBXFileReference; lastKnownFileType = sourcecode.swift; path = DataBaseService.swift; sourceTree = "<group>"; };
		884541D32412219A00C47821 /* StorageService.swift */ = {isa = PBXFileReference; lastKnownFileType = sourcecode.swift; path = StorageService.swift; sourceTree = "<group>"; };
		884541D5241476F000C47821 /* PhotoCollectionViewCell.swift */ = {isa = PBXFileReference; lastKnownFileType = sourcecode.swift; path = PhotoCollectionViewCell.swift; sourceTree = "<group>"; };
		884541D724147D3100C47821 /* CreatePostViewController.swift */ = {isa = PBXFileReference; lastKnownFileType = sourcecode.swift; path = CreatePostViewController.swift; sourceTree = "<group>"; };
		884541D924147D3F00C47821 /* CreatePostView.swift */ = {isa = PBXFileReference; lastKnownFileType = sourcecode.swift; path = CreatePostView.swift; sourceTree = "<group>"; };
		884541DB2414BAD700C47821 /* DetailsViewController.swift */ = {isa = PBXFileReference; lastKnownFileType = sourcecode.swift; path = DetailsViewController.swift; sourceTree = "<group>"; };
		884541DD2414BAE800C47821 /* DetailsView.swift */ = {isa = PBXFileReference; lastKnownFileType = sourcecode.swift; path = DetailsView.swift; sourceTree = "<group>"; };
		8847F06124119B8E00A23983 /* instagramProject.app */ = {isa = PBXFileReference; explicitFileType = wrapper.application; includeInIndex = 0; path = instagramProject.app; sourceTree = BUILT_PRODUCTS_DIR; };
		8847F06424119B8F00A23983 /* AppDelegate.swift */ = {isa = PBXFileReference; lastKnownFileType = sourcecode.swift; path = AppDelegate.swift; sourceTree = "<group>"; };
		8847F06624119B8F00A23983 /* SceneDelegate.swift */ = {isa = PBXFileReference; lastKnownFileType = sourcecode.swift; path = SceneDelegate.swift; sourceTree = "<group>"; };
		8847F06D24119B9100A23983 /* Assets.xcassets */ = {isa = PBXFileReference; lastKnownFileType = folder.assetcatalog; path = Assets.xcassets; sourceTree = "<group>"; };
		8847F07024119B9100A23983 /* Base */ = {isa = PBXFileReference; lastKnownFileType = file.storyboard; name = Base; path = Base.lproj/LaunchScreen.storyboard; sourceTree = "<group>"; };
		8847F07224119B9100A23983 /* Info.plist */ = {isa = PBXFileReference; lastKnownFileType = text.plist.xml; path = Info.plist; sourceTree = "<group>"; };
		8847F07824119DFD00A23983 /* FeedViewController.swift */ = {isa = PBXFileReference; lastKnownFileType = sourcecode.swift; path = FeedViewController.swift; sourceTree = "<group>"; };
		8847F07A24119E0E00A23983 /* PhotoCollectionViewController.swift */ = {isa = PBXFileReference; lastKnownFileType = sourcecode.swift; path = PhotoCollectionViewController.swift; sourceTree = "<group>"; };
		8847F07C24119E1700A23983 /* ProfileViewController.swift */ = {isa = PBXFileReference; lastKnownFileType = sourcecode.swift; path = ProfileViewController.swift; sourceTree = "<group>"; };
		8847F07E2411A1AD00A23983 /* LoginViewController.swift */ = {isa = PBXFileReference; lastKnownFileType = sourcecode.swift; path = LoginViewController.swift; sourceTree = "<group>"; };
		8847F0822411A1E800A23983 /* LoginView.swift */ = {isa = PBXFileReference; lastKnownFileType = sourcecode.swift; path = LoginView.swift; sourceTree = "<group>"; };
		8847F0842411A20F00A23983 /* FeedView.swift */ = {isa = PBXFileReference; lastKnownFileType = sourcecode.swift; path = FeedView.swift; sourceTree = "<group>"; };
		8847F0862411A22F00A23983 /* PhotoCollectionView.swift */ = {isa = PBXFileReference; lastKnownFileType = sourcecode.swift; path = PhotoCollectionView.swift; sourceTree = "<group>"; };
		8847F0882411A24000A23983 /* ProfileView.swift */ = {isa = PBXFileReference; lastKnownFileType = sourcecode.swift; path = ProfileView.swift; sourceTree = "<group>"; };
		8847F08A2411A4D800A23983 /* Extensions.swift */ = {isa = PBXFileReference; lastKnownFileType = sourcecode.swift; path = Extensions.swift; sourceTree = "<group>"; };
		8847F08C241202E200A23983 /* GoogleService-Info.plist */ = {isa = PBXFileReference; fileEncoding = 4; lastKnownFileType = text.plist.xml; path = "GoogleService-Info.plist"; sourceTree = "<group>"; };
		E8A73A66569363513C810F6B /* Pods-instagramProject.release.xcconfig */ = {isa = PBXFileReference; includeInIndex = 1; lastKnownFileType = text.xcconfig; name = "Pods-instagramProject.release.xcconfig"; path = "Target Support Files/Pods-instagramProject/Pods-instagramProject.release.xcconfig"; sourceTree = "<group>"; };
/* End PBXFileReference section */

/* Begin PBXFrameworksBuildPhase section */
		8847F05E24119B8E00A23983 /* Frameworks */ = {
			isa = PBXFrameworksBuildPhase;
			buildActionMask = 2147483647;
			files = (
				BCCADE6BA21FC9A76D8CB677 /* Pods_instagramProject.framework in Frameworks */,
			);
			runOnlyForDeploymentPostprocessing = 0;
		};
/* End PBXFrameworksBuildPhase section */

/* Begin PBXGroup section */
		0E67BE5F7AEEBC2DABD830F5 /* Frameworks */ = {
			isa = PBXGroup;
			children = (
				709680873E32BFA55C183AC2 /* Pods_instagramProject.framework */,
			);
			name = Frameworks;
			sourceTree = "<group>";
		};
		884541C9241219A100C47821 /* FireBaseServices */ = {
			isa = PBXGroup;
			children = (
				884541C524120BFE00C47821 /* AuthenticationService.swift */,
				884541D124121E4000C47821 /* DataBaseService.swift */,
				884541D32412219A00C47821 /* StorageService.swift */,
			);
			path = FireBaseServices;
			sourceTree = "<group>";
		};
		884541CA241219B200C47821 /* Models */ = {
			isa = PBXGroup;
			children = (
				884541CD24121B2700C47821 /* FeedViewCell.swift */,
				884541CF24121CBF00C47821 /* Photo.swift */,
				884541D5241476F000C47821 /* PhotoCollectionViewCell.swift */,
			);
			path = Models;
			sourceTree = "<group>";
		};
		884541CC241219C900C47821 /* SupportingFiles */ = {
			isa = PBXGroup;
			children = (
				8847F08A2411A4D800A23983 /* Extensions.swift */,
				8847F06424119B8F00A23983 /* AppDelegate.swift */,
				8847F06624119B8F00A23983 /* SceneDelegate.swift */,
			);
			path = SupportingFiles;
			sourceTree = "<group>";
		};
		8847F05824119B8E00A23983 = {
			isa = PBXGroup;
			children = (
				8847F06324119B8E00A23983 /* instagramProject */,
				8847F06224119B8E00A23983 /* Products */,
				BA6ECC788BFC49BB659112C9 /* Pods */,
				0E67BE5F7AEEBC2DABD830F5 /* Frameworks */,
			);
			sourceTree = "<group>";
		};
		8847F06224119B8E00A23983 /* Products */ = {
			isa = PBXGroup;
			children = (
				8847F06124119B8E00A23983 /* instagramProject.app */,
			);
			name = Products;
			sourceTree = "<group>";
		};
		8847F06324119B8E00A23983 /* instagramProject */ = {
			isa = PBXGroup;
			children = (
				884541CC241219C900C47821 /* SupportingFiles */,
				884541CA241219B200C47821 /* Models */,
				884541C9241219A100C47821 /* FireBaseServices */,
				8847F0812411A1D900A23983 /* Views */,
				8847F0802411A1C600A23983 /* ViewControllers */,
				8847F06D24119B9100A23983 /* Assets.xcassets */,
				8847F06F24119B9100A23983 /* LaunchScreen.storyboard */,
				8847F08C241202E200A23983 /* GoogleService-Info.plist */,
				8847F07224119B9100A23983 /* Info.plist */,
			);
			path = instagramProject;
			sourceTree = "<group>";
		};
		8847F0802411A1C600A23983 /* ViewControllers */ = {
			isa = PBXGroup;
			children = (
				8847F07E2411A1AD00A23983 /* LoginViewController.swift */,
				884541C72412107B00C47821 /* MainTabBarController.swift */,
				884541DB2414BAD700C47821 /* DetailsViewController.swift */,
				8847F07824119DFD00A23983 /* FeedViewController.swift */,
				8847F07A24119E0E00A23983 /* PhotoCollectionViewController.swift */,
				8847F07C24119E1700A23983 /* ProfileViewController.swift */,
				884541D724147D3100C47821 /* CreatePostViewController.swift */,
			);
			path = ViewControllers;
			sourceTree = "<group>";
		};
		8847F0812411A1D900A23983 /* Views */ = {
			isa = PBXGroup;
			children = (
				8847F0822411A1E800A23983 /* LoginView.swift */,
				8847F0862411A22F00A23983 /* PhotoCollectionView.swift */,
				8847F0882411A24000A23983 /* ProfileView.swift */,
				884541DD2414BAE800C47821 /* DetailsView.swift */,
				8847F0842411A20F00A23983 /* FeedView.swift */,
				884541D924147D3F00C47821 /* CreatePostView.swift */,
			);
			path = Views;
			sourceTree = "<group>";
		};
		BA6ECC788BFC49BB659112C9 /* Pods */ = {
			isa = PBXGroup;
			children = (
				377251806476742C11DC186B /* Pods-instagramProject.debug.xcconfig */,
				E8A73A66569363513C810F6B /* Pods-instagramProject.release.xcconfig */,
			);
			path = Pods;
			sourceTree = "<group>";
		};
/* End PBXGroup section */

/* Begin PBXNativeTarget section */
		8847F06024119B8E00A23983 /* instagramProject */ = {
			isa = PBXNativeTarget;
			buildConfigurationList = 8847F07524119B9100A23983 /* Build configuration list for PBXNativeTarget "instagramProject" */;
			buildPhases = (
				01FD39C2AF8702D2A9F92C64 /* [CP] Check Pods Manifest.lock */,
				8847F05D24119B8E00A23983 /* Sources */,
				8847F05E24119B8E00A23983 /* Frameworks */,
				8847F05F24119B8E00A23983 /* Resources */,
				16CFC8C7ABB97C45C6CCF0AE /* [CP] Embed Pods Frameworks */,
			);
			buildRules = (
			);
			dependencies = (
			);
			name = instagramProject;
			productName = instagramProject;
			productReference = 8847F06124119B8E00A23983 /* instagramProject.app */;
			productType = "com.apple.product-type.application";
		};
/* End PBXNativeTarget section */

/* Begin PBXProject section */
		8847F05924119B8E00A23983 /* Project object */ = {
			isa = PBXProject;
			attributes = {
				LastSwiftUpdateCheck = 1130;
				LastUpgradeCheck = 1130;
				ORGANIZATIONNAME = "Howard Chang";
				TargetAttributes = {
					8847F06024119B8E00A23983 = {
						CreatedOnToolsVersion = 11.3.1;
					};
				};
			};
			buildConfigurationList = 8847F05C24119B8E00A23983 /* Build configuration list for PBXProject "instagramProject" */;
			compatibilityVersion = "Xcode 9.3";
			developmentRegion = en;
			hasScannedForEncodings = 0;
			knownRegions = (
				en,
				Base,
			);
			mainGroup = 8847F05824119B8E00A23983;
			productRefGroup = 8847F06224119B8E00A23983 /* Products */;
			projectDirPath = "";
			projectRoot = "";
			targets = (
				8847F06024119B8E00A23983 /* instagramProject */,
			);
		};
/* End PBXProject section */

/* Begin PBXResourcesBuildPhase section */
		8847F05F24119B8E00A23983 /* Resources */ = {
			isa = PBXResourcesBuildPhase;
			buildActionMask = 2147483647;
			files = (
				8847F07124119B9100A23983 /* LaunchScreen.storyboard in Resources */,
				8847F08D241202E200A23983 /* GoogleService-Info.plist in Resources */,
				8847F06E24119B9100A23983 /* Assets.xcassets in Resources */,
			);
			runOnlyForDeploymentPostprocessing = 0;
		};
/* End PBXResourcesBuildPhase section */

/* Begin PBXShellScriptBuildPhase section */
		01FD39C2AF8702D2A9F92C64 /* [CP] Check Pods Manifest.lock */ = {
			isa = PBXShellScriptBuildPhase;
			buildActionMask = 2147483647;
			files = (
			);
			inputFileListPaths = (
			);
			inputPaths = (
				"${PODS_PODFILE_DIR_PATH}/Podfile.lock",
				"${PODS_ROOT}/Manifest.lock",
			);
			name = "[CP] Check Pods Manifest.lock";
			outputFileListPaths = (
			);
			outputPaths = (
				"$(DERIVED_FILE_DIR)/Pods-instagramProject-checkManifestLockResult.txt",
			);
			runOnlyForDeploymentPostprocessing = 0;
			shellPath = /bin/sh;
			shellScript = "diff \"${PODS_PODFILE_DIR_PATH}/Podfile.lock\" \"${PODS_ROOT}/Manifest.lock\" > /dev/null\nif [ $? != 0 ] ; then\n    # print error to STDERR\n    echo \"error: The sandbox is not in sync with the Podfile.lock. Run 'pod install' or update your CocoaPods installation.\" >&2\n    exit 1\nfi\n# This output is used by Xcode 'outputs' to avoid re-running this script phase.\necho \"SUCCESS\" > \"${SCRIPT_OUTPUT_FILE_0}\"\n";
			showEnvVarsInLog = 0;
		};
		16CFC8C7ABB97C45C6CCF0AE /* [CP] Embed Pods Frameworks */ = {
			isa = PBXShellScriptBuildPhase;
			buildActionMask = 2147483647;
			files = (
			);
			inputFileListPaths = (
				"${PODS_ROOT}/Target Support Files/Pods-instagramProject/Pods-instagramProject-frameworks-${CONFIGURATION}-input-files.xcfilelist",
			);
			name = "[CP] Embed Pods Frameworks";
			outputFileListPaths = (
				"${PODS_ROOT}/Target Support Files/Pods-instagramProject/Pods-instagramProject-frameworks-${CONFIGURATION}-output-files.xcfilelist",
			);
			runOnlyForDeploymentPostprocessing = 0;
			shellPath = /bin/sh;
			shellScript = "\"${PODS_ROOT}/Target Support Files/Pods-instagramProject/Pods-instagramProject-frameworks.sh\"\n";
			showEnvVarsInLog = 0;
		};
/* End PBXShellScriptBuildPhase section */

/* Begin PBXSourcesBuildPhase section */
		8847F05D24119B8E00A23983 /* Sources */ = {
			isa = PBXSourcesBuildPhase;
			buildActionMask = 2147483647;
			files = (
				884541DA24147D3F00C47821 /* CreatePostView.swift in Sources */,
				8847F07F2411A1AD00A23983 /* LoginViewController.swift in Sources */,
				8847F0852411A20F00A23983 /* FeedView.swift in Sources */,
				8847F07D24119E1700A23983 /* ProfileViewController.swift in Sources */,
				8847F06524119B8F00A23983 /* AppDelegate.swift in Sources */,
				8847F07B24119E0E00A23983 /* PhotoCollectionViewController.swift in Sources */,
				884541D6241476F000C47821 /* PhotoCollectionViewCell.swift in Sources */,
				8847F07924119DFD00A23983 /* FeedViewController.swift in Sources */,
				884541D224121E4000C47821 /* DataBaseService.swift in Sources */,
				8847F08B2411A4D800A23983 /* Extensions.swift in Sources */,
				8847F0872411A22F00A23983 /* PhotoCollectionView.swift in Sources */,
				884541DC2414BAD700C47821 /* DetailsViewController.swift in Sources */,
				8847F0832411A1E800A23983 /* LoginView.swift in Sources */,
				884541D824147D3100C47821 /* CreatePostViewController.swift in Sources */,
				884541D024121CBF00C47821 /* Photo.swift in Sources */,
				884541C82412107B00C47821 /* MainTabBarController.swift in Sources */,
				884541D42412219A00C47821 /* StorageService.swift in Sources */,
				884541DE2414BAE800C47821 /* DetailsView.swift in Sources */,
				8847F0892411A24000A23983 /* ProfileView.swift in Sources */,
				884541C624120BFE00C47821 /* AuthenticationService.swift in Sources */,
				884541CE24121B2700C47821 /* FeedViewCell.swift in Sources */,
				8847F06724119B8F00A23983 /* SceneDelegate.swift in Sources */,
			);
			runOnlyForDeploymentPostprocessing = 0;
		};
/* End PBXSourcesBuildPhase section */

/* Begin PBXVariantGroup section */
		8847F06F24119B9100A23983 /* LaunchScreen.storyboard */ = {
			isa = PBXVariantGroup;
			children = (
				8847F07024119B9100A23983 /* Base */,
			);
			name = LaunchScreen.storyboard;
			sourceTree = "<group>";
		};
/* End PBXVariantGroup section */

/* Begin XCBuildConfiguration section */
		8847F07324119B9100A23983 /* Debug */ = {
			isa = XCBuildConfiguration;
			buildSettings = {
				ALWAYS_SEARCH_USER_PATHS = NO;
				CLANG_ANALYZER_NONNULL = YES;
				CLANG_ANALYZER_NUMBER_OBJECT_CONVERSION = YES_AGGRESSIVE;
				CLANG_CXX_LANGUAGE_STANDARD = "gnu++14";
				CLANG_CXX_LIBRARY = "libc++";
				CLANG_ENABLE_MODULES = YES;
				CLANG_ENABLE_OBJC_ARC = YES;
				CLANG_ENABLE_OBJC_WEAK = YES;
				CLANG_WARN_BLOCK_CAPTURE_AUTORELEASING = YES;
				CLANG_WARN_BOOL_CONVERSION = YES;
				CLANG_WARN_COMMA = YES;
				CLANG_WARN_CONSTANT_CONVERSION = YES;
				CLANG_WARN_DEPRECATED_OBJC_IMPLEMENTATIONS = YES;
				CLANG_WARN_DIRECT_OBJC_ISA_USAGE = YES_ERROR;
				CLANG_WARN_DOCUMENTATION_COMMENTS = YES;
				CLANG_WARN_EMPTY_BODY = YES;
				CLANG_WARN_ENUM_CONVERSION = YES;
				CLANG_WARN_INFINITE_RECURSION = YES;
				CLANG_WARN_INT_CONVERSION = YES;
				CLANG_WARN_NON_LITERAL_NULL_CONVERSION = YES;
				CLANG_WARN_OBJC_IMPLICIT_RETAIN_SELF = YES;
				CLANG_WARN_OBJC_LITERAL_CONVERSION = YES;
				CLANG_WARN_OBJC_ROOT_CLASS = YES_ERROR;
				CLANG_WARN_RANGE_LOOP_ANALYSIS = YES;
				CLANG_WARN_STRICT_PROTOTYPES = YES;
				CLANG_WARN_SUSPICIOUS_MOVE = YES;
				CLANG_WARN_UNGUARDED_AVAILABILITY = YES_AGGRESSIVE;
				CLANG_WARN_UNREACHABLE_CODE = YES;
				CLANG_WARN__DUPLICATE_METHOD_MATCH = YES;
				COPY_PHASE_STRIP = NO;
				DEBUG_INFORMATION_FORMAT = dwarf;
				ENABLE_STRICT_OBJC_MSGSEND = YES;
				ENABLE_TESTABILITY = YES;
				GCC_C_LANGUAGE_STANDARD = gnu11;
				GCC_DYNAMIC_NO_PIC = NO;
				GCC_NO_COMMON_BLOCKS = YES;
				GCC_OPTIMIZATION_LEVEL = 0;
				GCC_PREPROCESSOR_DEFINITIONS = (
					"DEBUG=1",
					"$(inherited)",
				);
				GCC_WARN_64_TO_32_BIT_CONVERSION = YES;
				GCC_WARN_ABOUT_RETURN_TYPE = YES_ERROR;
				GCC_WARN_UNDECLARED_SELECTOR = YES;
				GCC_WARN_UNINITIALIZED_AUTOS = YES_AGGRESSIVE;
				GCC_WARN_UNUSED_FUNCTION = YES;
				GCC_WARN_UNUSED_VARIABLE = YES;
				IPHONEOS_DEPLOYMENT_TARGET = 13.2;
				MTL_ENABLE_DEBUG_INFO = INCLUDE_SOURCE;
				MTL_FAST_MATH = YES;
				ONLY_ACTIVE_ARCH = YES;
				SDKROOT = iphoneos;
				SWIFT_ACTIVE_COMPILATION_CONDITIONS = DEBUG;
				SWIFT_OPTIMIZATION_LEVEL = "-Onone";
			};
			name = Debug;
		};
		8847F07424119B9100A23983 /* Release */ = {
			isa = XCBuildConfiguration;
			buildSettings = {
				ALWAYS_SEARCH_USER_PATHS = NO;
				CLANG_ANALYZER_NONNULL = YES;
				CLANG_ANALYZER_NUMBER_OBJECT_CONVERSION = YES_AGGRESSIVE;
				CLANG_CXX_LANGUAGE_STANDARD = "gnu++14";
				CLANG_CXX_LIBRARY = "libc++";
				CLANG_ENABLE_MODULES = YES;
				CLANG_ENABLE_OBJC_ARC = YES;
				CLANG_ENABLE_OBJC_WEAK = YES;
				CLANG_WARN_BLOCK_CAPTURE_AUTORELEASING = YES;
				CLANG_WARN_BOOL_CONVERSION = YES;
				CLANG_WARN_COMMA = YES;
				CLANG_WARN_CONSTANT_CONVERSION = YES;
				CLANG_WARN_DEPRECATED_OBJC_IMPLEMENTATIONS = YES;
				CLANG_WARN_DIRECT_OBJC_ISA_USAGE = YES_ERROR;
				CLANG_WARN_DOCUMENTATION_COMMENTS = YES;
				CLANG_WARN_EMPTY_BODY = YES;
				CLANG_WARN_ENUM_CONVERSION = YES;
				CLANG_WARN_INFINITE_RECURSION = YES;
				CLANG_WARN_INT_CONVERSION = YES;
				CLANG_WARN_NON_LITERAL_NULL_CONVERSION = YES;
				CLANG_WARN_OBJC_IMPLICIT_RETAIN_SELF = YES;
				CLANG_WARN_OBJC_LITERAL_CONVERSION = YES;
				CLANG_WARN_OBJC_ROOT_CLASS = YES_ERROR;
				CLANG_WARN_RANGE_LOOP_ANALYSIS = YES;
				CLANG_WARN_STRICT_PROTOTYPES = YES;
				CLANG_WARN_SUSPICIOUS_MOVE = YES;
				CLANG_WARN_UNGUARDED_AVAILABILITY = YES_AGGRESSIVE;
				CLANG_WARN_UNREACHABLE_CODE = YES;
				CLANG_WARN__DUPLICATE_METHOD_MATCH = YES;
				COPY_PHASE_STRIP = NO;
				DEBUG_INFORMATION_FORMAT = "dwarf-with-dsym";
				ENABLE_NS_ASSERTIONS = NO;
				ENABLE_STRICT_OBJC_MSGSEND = YES;
				GCC_C_LANGUAGE_STANDARD = gnu11;
				GCC_NO_COMMON_BLOCKS = YES;
				GCC_WARN_64_TO_32_BIT_CONVERSION = YES;
				GCC_WARN_ABOUT_RETURN_TYPE = YES_ERROR;
				GCC_WARN_UNDECLARED_SELECTOR = YES;
				GCC_WARN_UNINITIALIZED_AUTOS = YES_AGGRESSIVE;
				GCC_WARN_UNUSED_FUNCTION = YES;
				GCC_WARN_UNUSED_VARIABLE = YES;
				IPHONEOS_DEPLOYMENT_TARGET = 13.2;
				MTL_ENABLE_DEBUG_INFO = NO;
				MTL_FAST_MATH = YES;
				SDKROOT = iphoneos;
				SWIFT_COMPILATION_MODE = wholemodule;
				SWIFT_OPTIMIZATION_LEVEL = "-O";
				VALIDATE_PRODUCT = YES;
			};
			name = Release;
		};
		8847F07624119B9100A23983 /* Debug */ = {
			isa = XCBuildConfiguration;
			baseConfigurationReference = 377251806476742C11DC186B /* Pods-instagramProject.debug.xcconfig */;
			buildSettings = {
				ASSETCATALOG_COMPILER_APPICON_NAME = AppIcon;
				CODE_SIGN_STYLE = Automatic;
				DEVELOPMENT_TEAM = H39KTTHR8M;
				INFOPLIST_FILE = instagramProject/Info.plist;
				LD_RUNPATH_SEARCH_PATHS = (
					"$(inherited)",
					"@executable_path/Frameworks",
				);
				PRODUCT_BUNDLE_IDENTIFIER = com.howardchang.login.instagramProject;
				PRODUCT_NAME = "$(TARGET_NAME)";
				SWIFT_VERSION = 5.0;
				TARGETED_DEVICE_FAMILY = 1;
			};
			name = Debug;
		};
		8847F07724119B9100A23983 /* Release */ = {
			isa = XCBuildConfiguration;
			baseConfigurationReference = E8A73A66569363513C810F6B /* Pods-instagramProject.release.xcconfig */;
			buildSettings = {
				ASSETCATALOG_COMPILER_APPICON_NAME = AppIcon;
				CODE_SIGN_STYLE = Automatic;
				DEVELOPMENT_TEAM = H39KTTHR8M;
				INFOPLIST_FILE = instagramProject/Info.plist;
				LD_RUNPATH_SEARCH_PATHS = (
					"$(inherited)",
					"@executable_path/Frameworks",
				);
				PRODUCT_BUNDLE_IDENTIFIER = com.howardchang.login.instagramProject;
				PRODUCT_NAME = "$(TARGET_NAME)";
				SWIFT_VERSION = 5.0;
				TARGETED_DEVICE_FAMILY = 1;
			};
			name = Release;
		};
/* End XCBuildConfiguration section */

/* Begin XCConfigurationList section */
		8847F05C24119B8E00A23983 /* Build configuration list for PBXProject "instagramProject" */ = {
			isa = XCConfigurationList;
			buildConfigurations = (
				8847F07324119B9100A23983 /* Debug */,
				8847F07424119B9100A23983 /* Release */,
			);
			defaultConfigurationIsVisible = 0;
			defaultConfigurationName = Release;
		};
		8847F07524119B9100A23983 /* Build configuration list for PBXNativeTarget "instagramProject" */ = {
			isa = XCConfigurationList;
			buildConfigurations = (
				8847F07624119B9100A23983 /* Debug */,
				8847F07724119B9100A23983 /* Release */,
			);
			defaultConfigurationIsVisible = 0;
			defaultConfigurationName = Release;
		};
/* End XCConfigurationList section */
	};
	rootObject = 8847F05924119B8E00A23983 /* Project object */;
}
